
Microsoft Visual Studio Solution File, Format Version 12.00
# Visual Studio Version 17
VisualStudioVersion = 17.1.32407.343
MinimumVisualStudioVersion = 10.0.40219.1
Project("{FAE04EC0-301F-11D3-BF4B-00C04F79EFBC}") = "TDD-By-Example", "TDD-By-Example\TDD-By-Example.csproj", "{EC1918AF-751E-4E9F-BE6C-1E2BAC5A5C8B}"
EndProject
Global
	GlobalSection(SolutionConfigurationPlatforms) = preSolution
		Debug|Any CPU = Debug|Any CPU
		Release|Any CPU = Release|Any CPU
	EndGlobalSection
	GlobalSection(ProjectConfigurationPlatforms) = postSolution
		{EC1918AF-751E-4E9F-BE6C-1E2BAC5A5C8B}.Debug|Any CPU.ActiveCfg = Debug|Any CPU
		{EC1918AF-751E-4E9F-BE6C-1E2BAC5A5C8B}.Debug|Any CPU.Build.0 = Debug|Any CPU
		{EC1918AF-751E-4E9F-BE6C-1E2BAC5A5C8B}.Release|Any CPU.ActiveCfg = Release|Any CPU
		{EC1918AF-751E-4E9F-BE6C-1E2BAC5A5C8B}.Release|Any CPU.Build.0 = Release|Any CPU
	EndGlobalSection
	GlobalSection(SolutionProperties) = preSolution
		HideSolutionNode = FALSE
	EndGlobalSection
	GlobalSection(ExtensibilityGlobals) = postSolution
		SolutionGuid = {7BE6B8F1-047E-43EA-A47C-FF83889D24F9}
	EndGlobalSection
EndGlobal
